
Microsoft Visual Studio Solution File, Format Version 12.00
# Visual Studio Version 16
VisualStudioVersion = 16.0.31321.278
MinimumVisualStudioVersion = 10.0.40219.1
Project("{FAE04EC0-301F-11D3-BF4B-00C04F79EFBC}") = "Exercise1", "Exercise1\Exercise1.csproj", "{226AB3FD-E9F8-4EAB-B45B-E4F0229A70F9}"
EndProject
Project("{FAE04EC0-301F-11D3-BF4B-00C04F79EFBC}") = "Exercise2", "Exercise2\Exercise2.csproj", "{18A864AF-65B5-4C14-BE80-59B9ABD6D455}"
EndProject
Project("{FAE04EC0-301F-11D3-BF4B-00C04F79EFBC}") = "Exercise3", "Exercise3\Exercise3.csproj", "{3A72EB90-F597-4881-88F2-F07A619FA0B6}"
EndProject
Project("{FAE04EC0-301F-11D3-BF4B-00C04F79EFBC}") = "Exercise4", "Exercise4\Exercise4.csproj", "{B8C70BA1-8498-47D3-BF7F-354A57257390}"
EndProject
Project("{FAE04EC0-301F-11D3-BF4B-00C04F79EFBC}") = "Exercise5", "Exercise5\Exercise5.csproj", "{0E8CE25D-94A9-41BD-ACCD-DFC2D9605ED6}"
EndProject
Global
	GlobalSection(SolutionConfigurationPlatforms) = preSolution
		Debug|Any CPU = Debug|Any CPU
		Release|Any CPU = Release|Any CPU
	EndGlobalSection
	GlobalSection(ProjectConfigurationPlatforms) = postSolution
		{226AB3FD-E9F8-4EAB-B45B-E4F0229A70F9}.Debug|Any CPU.ActiveCfg = Debug|Any CPU
		{226AB3FD-E9F8-4EAB-B45B-E4F0229A70F9}.Debug|Any CPU.Build.0 = Debug|Any CPU
		{226AB3FD-E9F8-4EAB-B45B-E4F0229A70F9}.Release|Any CPU.ActiveCfg = Release|Any CPU
		{226AB3FD-E9F8-4EAB-B45B-E4F0229A70F9}.Release|Any CPU.Build.0 = Release|Any CPU
		{18A864AF-65B5-4C14-BE80-59B9ABD6D455}.Debug|Any CPU.ActiveCfg = Debug|Any CPU
		{18A864AF-65B5-4C14-BE80-59B9ABD6D455}.Debug|Any CPU.Build.0 = Debug|Any CPU
		{18A864AF-65B5-4C14-BE80-59B9ABD6D455}.Release|Any CPU.ActiveCfg = Release|Any CPU
		{18A864AF-65B5-4C14-BE80-59B9ABD6D455}.Release|Any CPU.Build.0 = Release|Any CPU
		{3A72EB90-F597-4881-88F2-F07A619FA0B6}.Debug|Any CPU.ActiveCfg = Debug|Any CPU
		{3A72EB90-F597-4881-88F2-F07A619FA0B6}.Debug|Any CPU.Build.0 = Debug|Any CPU
		{3A72EB90-F597-4881-88F2-F07A619FA0B6}.Release|Any CPU.ActiveCfg = Release|Any CPU
		{3A72EB90-F597-4881-88F2-F07A619FA0B6}.Release|Any CPU.Build.0 = Release|Any CPU
		{B8C70BA1-8498-47D3-BF7F-354A57257390}.Debug|Any CPU.ActiveCfg = Debug|Any CPU
		{B8C70BA1-8498-47D3-BF7F-354A57257390}.Debug|Any CPU.Build.0 = Debug|Any CPU
		{B8C70BA1-8498-47D3-BF7F-354A57257390}.Release|Any CPU.ActiveCfg = Release|Any CPU
		{B8C70BA1-8498-47D3-BF7F-354A57257390}.Release|Any CPU.Build.0 = Release|Any CPU
		{0E8CE25D-94A9-41BD-ACCD-DFC2D9605ED6}.Debug|Any CPU.ActiveCfg = Debug|Any CPU
		{0E8CE25D-94A9-41BD-ACCD-DFC2D9605ED6}.Debug|Any CPU.Build.0 = Debug|Any CPU
		{0E8CE25D-94A9-41BD-ACCD-DFC2D9605ED6}.Release|Any CPU.ActiveCfg = Release|Any CPU
		{0E8CE25D-94A9-41BD-ACCD-DFC2D9605ED6}.Release|Any CPU.Build.0 = Release|Any CPU
	EndGlobalSection
	GlobalSection(SolutionProperties) = preSolution
		HideSolutionNode = FALSE
	EndGlobalSection
	GlobalSection(ExtensibilityGlobals) = postSolution
		SolutionGuid = {9FD90737-79A4-4604-9BAC-F74F97F713C5}
	EndGlobalSection
EndGlobal
